// !$*UTF8*$!
{
	archiveVersion = 1;
	classes = {
	};
	objectVersion = 56;
	objects = {

/* Begin PBXBuildFile section */
		51DB167A55DBE43611F7F66B /* Pods_NearPlaces.framework in Frameworks */ = {isa = PBXBuildFile; fileRef = 9D9202CF46B7FB3483BF3D9F /* Pods_NearPlaces.framework */; };
		830E46202DD3726D00087455 /* AppDelegate.swift in Sources */ = {isa = PBXBuildFile; fileRef = 830E461F2DD3726D00087455 /* AppDelegate.swift */; };
		830E46222DD3726D00087455 /* SceneDelegate.swift in Sources */ = {isa = PBXBuildFile; fileRef = 830E46212DD3726D00087455 /* SceneDelegate.swift */; };
		830E46242DD3726D00087455 /* ViewController.swift in Sources */ = {isa = PBXBuildFile; fileRef = 830E46232DD3726D00087455 /* ViewController.swift */; };
		830E46272DD3726D00087455 /* Main.storyboard in Resources */ = {isa = PBXBuildFile; fileRef = 830E46252DD3726D00087455 /* Main.storyboard */; };
		830E46292DD3726F00087455 /* Assets.xcassets in Resources */ = {isa = PBXBuildFile; fileRef = 830E46282DD3726F00087455 /* Assets.xcassets */; };
		830E462C2DD3726F00087455 /* LaunchScreen.storyboard in Resources */ = {isa = PBXBuildFile; fileRef = 830E462A2DD3726F00087455 /* LaunchScreen.storyboard */; };
		830E46342DD3786900087455 /* MapVC.swift in Sources */ = {isa = PBXBuildFile; fileRef = 830E46332DD3786900087455 /* MapVC.swift */; };
/* End PBXBuildFile section */

/* Begin PBXFileReference section */
		61EA3C7BF898370B688458B6 /* Pods-NearPlaces.debug.xcconfig */ = {isa = PBXFileReference; includeInIndex = 1; lastKnownFileType = text.xcconfig; name = "Pods-NearPlaces.debug.xcconfig"; path = "Target Support Files/Pods-NearPlaces/Pods-NearPlaces.debug.xcconfig"; sourceTree = "<group>"; };
		830E461C2DD3726D00087455 /* NearPlaces.app */ = {isa = PBXFileReference; explicitFileType = wrapper.application; includeInIndex = 0; path = NearPlaces.app; sourceTree = BUILT_PRODUCTS_DIR; };
		830E461F2DD3726D00087455 /* AppDelegate.swift */ = {isa = PBXFileReference; lastKnownFileType = sourcecode.swift; path = AppDelegate.swift; sourceTree = "<group>"; };
		830E46212DD3726D00087455 /* SceneDelegate.swift */ = {isa = PBXFileReference; lastKnownFileType = sourcecode.swift; path = SceneDelegate.swift; sourceTree = "<group>"; };
		830E46232DD3726D00087455 /* ViewController.swift */ = {isa = PBXFileReference; lastKnownFileType = sourcecode.swift; path = ViewController.swift; sourceTree = "<group>"; };
		830E46262DD3726D00087455 /* Base */ = {isa = PBXFileReference; lastKnownFileType = file.storyboard; name = Base; path = Base.lproj/Main.storyboard; sourceTree = "<group>"; };
		830E46282DD3726F00087455 /* Assets.xcassets */ = {isa = PBXFileReference; lastKnownFileType = folder.assetcatalog; path = Assets.xcassets; sourceTree = "<group>"; };
		830E462B2DD3726F00087455 /* Base */ = {isa = PBXFileReference; lastKnownFileType = file.storyboard; name = Base; path = Base.lproj/LaunchScreen.storyboard; sourceTree = "<group>"; };
		830E462D2DD3726F00087455 /* Info.plist */ = {isa = PBXFileReference; lastKnownFileType = text.plist.xml; path = Info.plist; sourceTree = "<group>"; };
		830E46332DD3786900087455 /* MapVC.swift */ = {isa = PBXFileReference; lastKnownFileType = sourcecode.swift; path = MapVC.swift; sourceTree = "<group>"; };
		9D9202CF46B7FB3483BF3D9F /* Pods_NearPlaces.framework */ = {isa = PBXFileReference; explicitFileType = wrapper.framework; includeInIndex = 0; path = Pods_NearPlaces.framework; sourceTree = BUILT_PRODUCTS_DIR; };
		BE60A72C0B29D0063F37617B /* Pods-NearPlaces.release.xcconfig */ = {isa = PBXFileReference; includeInIndex = 1; lastKnownFileType = text.xcconfig; name = "Pods-NearPlaces.release.xcconfig"; path = "Target Support Files/Pods-NearPlaces/Pods-NearPlaces.release.xcconfig"; sourceTree = "<group>"; };
/* End PBXFileReference section */

/* Begin PBXFrameworksBuildPhase section */
		830E46192DD3726D00087455 /* Frameworks */ = {
			isa = PBXFrameworksBuildPhase;
			buildActionMask = 2147483647;
			files = (
				51DB167A55DBE43611F7F66B /* Pods_NearPlaces.framework in Frameworks */,
			);
			runOnlyForDeploymentPostprocessing = 0;
		};
/* End PBXFrameworksBuildPhase section */

/* Begin PBXGroup section */
		830E46132DD3726D00087455 = {
			isa = PBXGroup;
			children = (
				830E461E2DD3726D00087455 /* NearPlaces */,
				830E461D2DD3726D00087455 /* Products */,
				E5F8C669602FA1D7D43578F4 /* Pods */,
				BB620EE713AD6BF15E36E9D6 /* Frameworks */,
			);
			sourceTree = "<group>";
		};
		830E461D2DD3726D00087455 /* Products */ = {
			isa = PBXGroup;
			children = (
				830E461C2DD3726D00087455 /* NearPlaces.app */,
			);
			name = Products;
			sourceTree = "<group>";
		};
		830E461E2DD3726D00087455 /* NearPlaces */ = {
			isa = PBXGroup;
			children = (
				830E461F2DD3726D00087455 /* AppDelegate.swift */,
				830E46212DD3726D00087455 /* SceneDelegate.swift */,
				830E46232DD3726D00087455 /* ViewController.swift */,
				830E46252DD3726D00087455 /* Main.storyboard */,
				830E46282DD3726F00087455 /* Assets.xcassets */,
				830E462A2DD3726F00087455 /* LaunchScreen.storyboard */,
				830E462D2DD3726F00087455 /* Info.plist */,
				830E46332DD3786900087455 /* MapVC.swift */,
			);
			path = NearPlaces;
			sourceTree = "<group>";
		};
		BB620EE713AD6BF15E36E9D6 /* Frameworks */ = {
			isa = PBXGroup;
			children = (
				9D9202CF46B7FB3483BF3D9F /* Pods_NearPlaces.framework */,
			);
			name = Frameworks;
			sourceTree = "<group>";
		};
		E5F8C669602FA1D7D43578F4 /* Pods */ = {
			isa = PBXGroup;
			children = (
				61EA3C7BF898370B688458B6 /* Pods-NearPlaces.debug.xcconfig */,
				BE60A72C0B29D0063F37617B /* Pods-NearPlaces.release.xcconfig */,
			);
			path = Pods;
			sourceTree = "<group>";
		};
/* End PBXGroup section */

/* Begin PBXNativeTarget section */
		830E461B2DD3726D00087455 /* NearPlaces */ = {
			isa = PBXNativeTarget;
			buildConfigurationList = 830E46302DD3726F00087455 /* Build configuration list for PBXNativeTarget "NearPlaces" */;
			buildPhases = (
				FF2AB1037D98403DFC6B0F7E /* [CP] Check Pods Manifest.lock */,
				830E46182DD3726D00087455 /* Sources */,
				830E46192DD3726D00087455 /* Frameworks */,
				830E461A2DD3726D00087455 /* Resources */,
				8F02FC2A3F18D04C7FF51194 /* [CP] Copy Pods Resources */,
			);
			buildRules = (
			);
			dependencies = (
			);
			name = NearPlaces;
			productName = NearPlaces;
			productReference = 830E461C2DD3726D00087455 /* NearPlaces.app */;
			productType = "com.apple.product-type.application";
		};
/* End PBXNativeTarget section */

/* Begin PBXProject section */
		830E46142DD3726D00087455 /* Project object */ = {
			isa = PBXProject;
			attributes = {
				BuildIndependentTargetsInParallel = 1;
				LastSwiftUpdateCheck = 1420;
				LastUpgradeCheck = 1420;
				TargetAttributes = {
					830E461B2DD3726D00087455 = {
						CreatedOnToolsVersion = 14.2;
					};
				};
			};
			buildConfigurationList = 830E46172DD3726D00087455 /* Build configuration list for PBXProject "NearPlaces" */;
			compatibilityVersion = "Xcode 14.0";
			developmentRegion = en;
			hasScannedForEncodings = 0;
			knownRegions = (
				en,
				Base,
			);
			mainGroup = 830E46132DD3726D00087455;
			productRefGroup = 830E461D2DD3726D00087455 /* Products */;
			projectDirPath = "";
			projectRoot = "";
			targets = (
				830E461B2DD3726D00087455 /* NearPlaces */,
			);
		};
/* End PBXProject section */

/* Begin PBXResourcesBuildPhase section */
		830E461A2DD3726D00087455 /* Resources */ = {
			isa = PBXResourcesBuildPhase;
			buildActionMask = 2147483647;
			files = (
				830E462C2DD3726F00087455 /* LaunchScreen.storyboard in Resources */,
				830E46292DD3726F00087455 /* Assets.xcassets in Resources */,
				830E46272DD3726D00087455 /* Main.storyboard in Resources */,
			);
			runOnlyForDeploymentPostprocessing = 0;
		};
/* End PBXResourcesBuildPhase section */

/* Begin PBXShellScriptBuildPhase section */
		8F02FC2A3F18D04C7FF51194 /* [CP] Copy Pods Resources */ = {
			isa = PBXShellScriptBuildPhase;
			buildActionMask = 2147483647;
			files = (
			);
			inputFileListPaths = (
				"${PODS_ROOT}/Target Support Files/Pods-NearPlaces/Pods-NearPlaces-resources-${CONFIGURATION}-input-files.xcfilelist",
			);
			name = "[CP] Copy Pods Resources";
			outputFileListPaths = (
				"${PODS_ROOT}/Target Support Files/Pods-NearPlaces/Pods-NearPlaces-resources-${CONFIGURATION}-output-files.xcfilelist",
			);
			runOnlyForDeploymentPostprocessing = 0;
			shellPath = /bin/sh;
			shellScript = "\"${PODS_ROOT}/Target Support Files/Pods-NearPlaces/Pods-NearPlaces-resources.sh\"\n";
			showEnvVarsInLog = 0;
		};
		FF2AB1037D98403DFC6B0F7E /* [CP] Check Pods Manifest.lock */ = {
			isa = PBXShellScriptBuildPhase;
			buildActionMask = 2147483647;
			files = (
			);
			inputFileListPaths = (
			);
			inputPaths = (
				"${PODS_PODFILE_DIR_PATH}/Podfile.lock",
				"${PODS_ROOT}/Manifest.lock",
			);
			name = "[CP] Check Pods Manifest.lock";
			outputFileListPaths = (
			);
			outputPaths = (
				"$(DERIVED_FILE_DIR)/Pods-NearPlaces-checkManifestLockResult.txt",
			);
			runOnlyForDeploymentPostprocessing = 0;
			shellPath = /bin/sh;
			shellScript = "diff \"${PODS_PODFILE_DIR_PATH}/Podfile.lock\" \"${PODS_ROOT}/Manifest.lock\" > /dev/null\nif [ $? != 0 ] ; then\n    # print error to STDERR\n    echo \"error: The sandbox is not in sync with the Podfile.lock. Run 'pod install' or update your CocoaPods installation.\" >&2\n    exit 1\nfi\n# This output is used by Xcode 'outputs' to avoid re-running this script phase.\necho \"SUCCESS\" > \"${SCRIPT_OUTPUT_FILE_0}\"\n";
			showEnvVarsInLog = 0;
		};
/* End PBXShellScriptBuildPhase section */

/* Begin PBXSourcesBuildPhase section */
		830E46182DD3726D00087455 /* Sources */ = {
			isa = PBXSourcesBuildPhase;
			buildActionMask = 2147483647;
			files = (
				830E46242DD3726D00087455 /* ViewController.swift in Sources */,
				830E46342DD3786900087455 /* MapVC.swift in Sources */,
				830E46202DD3726D00087455 /* AppDelegate.swift in Sources */,
				830E46222DD3726D00087455 /* SceneDelegate.swift in Sources */,
			);
			runOnlyForDeploymentPostprocessing = 0;
		};
/* End PBXSourcesBuildPhase section */

/* Begin PBXVariantGroup section */
		830E46252DD3726D00087455 /* Main.storyboard */ = {
			isa = PBXVariantGroup;
			children = (
				830E46262DD3726D00087455 /* Base */,
			);
			name = Main.storyboard;
			sourceTree = "<group>";
		};
		830E462A2DD3726F00087455 /* LaunchScreen.storyboard */ = {
			isa = PBXVariantGroup;
			children = (
				830E462B2DD3726F00087455 /* Base */,
			);
			name = LaunchScreen.storyboard;
			sourceTree = "<group>";
		};
/* End PBXVariantGroup section */

/* Begin XCBuildConfiguration section */
		830E462E2DD3726F00087455 /* Debug */ = {
			isa = XCBuildConfiguration;
			buildSettings = {
				ALWAYS_SEARCH_USER_PATHS = NO;
				CLANG_ANALYZER_NONNULL = YES;
				CLANG_ANALYZER_NUMBER_OBJECT_CONVERSION = YES_AGGRESSIVE;
				CLANG_CXX_LANGUAGE_STANDARD = "gnu++20";
				CLANG_ENABLE_MODULES = YES;
				CLANG_ENABLE_OBJC_ARC = YES;
				CLANG_ENABLE_OBJC_WEAK = YES;
				CLANG_WARN_BLOCK_CAPTURE_AUTORELEASING = YES;
				CLANG_WARN_BOOL_CONVERSION = YES;
				CLANG_WARN_COMMA = YES;
				CLANG_WARN_CONSTANT_CONVERSION = YES;
				CLANG_WARN_DEPRECATED_OBJC_IMPLEMENTATIONS = YES;
				CLANG_WARN_DIRECT_OBJC_ISA_USAGE = YES_ERROR;
				CLANG_WARN_DOCUMENTATION_COMMENTS = YES;
				CLANG_WARN_EMPTY_BODY = YES;
				CLANG_WARN_ENUM_CONVERSION = YES;
				CLANG_WARN_INFINITE_RECURSION = YES;
				CLANG_WARN_INT_CONVERSION = YES;
				CLANG_WARN_NON_LITERAL_NULL_CONVERSION = YES;
				CLANG_WARN_OBJC_IMPLICIT_RETAIN_SELF = YES;
				CLANG_WARN_OBJC_LITERAL_CONVERSION = YES;
				CLANG_WARN_OBJC_ROOT_CLASS = YES_ERROR;
				CLANG_WARN_QUOTED_INCLUDE_IN_FRAMEWORK_HEADER = YES;
				CLANG_WARN_RANGE_LOOP_ANALYSIS = YES;
				CLANG_WARN_STRICT_PROTOTYPES = YES;
				CLANG_WARN_SUSPICIOUS_MOVE = YES;
				CLANG_WARN_UNGUARDED_AVAILABILITY = YES_AGGRESSIVE;
				CLANG_WARN_UNREACHABLE_CODE = YES;
				CLANG_WARN__DUPLICATE_METHOD_MATCH = YES;
				COPY_PHASE_STRIP = NO;
				DEBUG_INFORMATION_FORMAT = dwarf;
				ENABLE_STRICT_OBJC_MSGSEND = YES;
				ENABLE_TESTABILITY = YES;
				GCC_C_LANGUAGE_STANDARD = gnu11;
				GCC_DYNAMIC_NO_PIC = NO;
				GCC_NO_COMMON_BLOCKS = YES;
				GCC_OPTIMIZATION_LEVEL = 0;
				GCC_PREPROCESSOR_DEFINITIONS = (
					"DEBUG=1",
					"$(inherited)",
				);
				GCC_WARN_64_TO_32_BIT_CONVERSION = YES;
				GCC_WARN_ABOUT_RETURN_TYPE = YES_ERROR;
				GCC_WARN_UNDECLARED_SELECTOR = YES;
				GCC_WARN_UNINITIALIZED_AUTOS = YES_AGGRESSIVE;
				GCC_WARN_UNUSED_FUNCTION = YES;
				GCC_WARN_UNUSED_VARIABLE = YES;
				IPHONEOS_DEPLOYMENT_TARGET = 16.2;
				MTL_ENABLE_DEBUG_INFO = INCLUDE_SOURCE;
				MTL_FAST_MATH = YES;
				ONLY_ACTIVE_ARCH = YES;
				SDKROOT = iphoneos;
				SWIFT_ACTIVE_COMPILATION_CONDITIONS = DEBUG;
				SWIFT_OPTIMIZATION_LEVEL = "-Onone";
			};
			name = Debug;
		};
		830E462F2DD3726F00087455 /* Release */ = {
			isa = XCBuildConfiguration;
			buildSettings = {
				ALWAYS_SEARCH_USER_PATHS = NO;
				CLANG_ANALYZER_NONNULL = YES;
				CLANG_ANALYZER_NUMBER_OBJECT_CONVERSION = YES_AGGRESSIVE;
				CLANG_CXX_LANGUAGE_STANDARD = "gnu++20";
				CLANG_ENABLE_MODULES = YES;
				CLANG_ENABLE_OBJC_ARC = YES;
				CLANG_ENABLE_OBJC_WEAK = YES;
				CLANG_WARN_BLOCK_CAPTURE_AUTORELEASING = YES;
				CLANG_WARN_BOOL_CONVERSION = YES;
				CLANG_WARN_COMMA = YES;
				CLANG_WARN_CONSTANT_CONVERSION = YES;
				CLANG_WARN_DEPRECATED_OBJC_IMPLEMENTATIONS = YES;
				CLANG_WARN_DIRECT_OBJC_ISA_USAGE = YES_ERROR;
				CLANG_WARN_DOCUMENTATION_COMMENTS = YES;
				CLANG_WARN_EMPTY_BODY = YES;
				CLANG_WARN_ENUM_CONVERSION = YES;
				CLANG_WARN_INFINITE_RECURSION = YES;
				CLANG_WARN_INT_CONVERSION = YES;
				CLANG_WARN_NON_LITERAL_NULL_CONVERSION = YES;
				CLANG_WARN_OBJC_IMPLICIT_RETAIN_SELF = YES;
				CLANG_WARN_OBJC_LITERAL_CONVERSION = YES;
				CLANG_WARN_OBJC_ROOT_CLASS = YES_ERROR;
				CLANG_WARN_QUOTED_INCLUDE_IN_FRAMEWORK_HEADER = YES;
				CLANG_WARN_RANGE_LOOP_ANALYSIS = YES;
				CLANG_WARN_STRICT_PROTOTYPES = YES;
				CLANG_WARN_SUSPICIOUS_MOVE = YES;
				CLANG_WARN_UNGUARDED_AVAILABILITY = YES_AGGRESSIVE;
				CLANG_WARN_UNREACHABLE_CODE = YES;
				CLANG_WARN__DUPLICATE_METHOD_MATCH = YES;
				COPY_PHASE_STRIP = NO;
				DEBUG_INFORMATION_FORMAT = "dwarf-with-dsym";
				ENABLE_NS_ASSERTIONS = NO;
				ENABLE_STRICT_OBJC_MSGSEND = YES;
				GCC_C_LANGUAGE_STANDARD = gnu11;
				GCC_NO_COMMON_BLOCKS = YES;
				GCC_WARN_64_TO_32_BIT_CONVERSION = YES;
				GCC_WARN_ABOUT_RETURN_TYPE = YES_ERROR;
				GCC_WARN_UNDECLARED_SELECTOR = YES;
				GCC_WARN_UNINITIALIZED_AUTOS = YES_AGGRESSIVE;
				GCC_WARN_UNUSED_FUNCTION = YES;
				GCC_WARN_UNUSED_VARIABLE = YES;
				IPHONEOS_DEPLOYMENT_TARGET = 16.2;
				MTL_ENABLE_DEBUG_INFO = NO;
				MTL_FAST_MATH = YES;
				SDKROOT = iphoneos;
				SWIFT_COMPILATION_MODE = wholemodule;
				SWIFT_OPTIMIZATION_LEVEL = "-O";
				VALIDATE_PRODUCT = YES;
			};
			name = Release;
		};
		830E46312DD3726F00087455 /* Debug */ = {
			isa = XCBuildConfiguration;
			baseConfigurationReference = 61EA3C7BF898370B688458B6 /* Pods-NearPlaces.debug.xcconfig */;
			buildSettings = {
				ASSETCATALOG_COMPILER_APPICON_NAME = AppIcon;
				ASSETCATALOG_COMPILER_GLOBAL_ACCENT_COLOR_NAME = AccentColor;
				CODE_SIGN_STYLE = Automatic;
				CURRENT_PROJECT_VERSION = 1;
				GENERATE_INFOPLIST_FILE = YES;
				INFOPLIST_FILE = NearPlaces/Info.plist;
				INFOPLIST_KEY_UIApplicationSupportsIndirectInputEvents = YES;
				INFOPLIST_KEY_UILaunchStoryboardName = LaunchScreen;
				INFOPLIST_KEY_UIMainStoryboardFile = Main;
				INFOPLIST_KEY_UISupportedInterfaceOrientations_iPad = "UIInterfaceOrientationPortrait UIInterfaceOrientationPortraitUpsideDown UIInterfaceOrientationLandscapeLeft UIInterfaceOrientationLandscapeRight";
				INFOPLIST_KEY_UISupportedInterfaceOrientations_iPhone = "UIInterfaceOrientationPortrait UIInterfaceOrientationLandscapeLeft UIInterfaceOrientationLandscapeRight";
				LD_RUNPATH_SEARCH_PATHS = (
					"$(inherited)",
					"@executable_path/Frameworks",
				);
				MARKETING_VERSION = 1.0;
				PRODUCT_BUNDLE_IDENTIFIER = EdanurBoz.NearPlaces;
				PRODUCT_NAME = "$(TARGET_NAME)";
				SWIFT_EMIT_LOC_STRINGS = YES;
				SWIFT_VERSION = 5.0;
				TARGETED_DEVICE_FAMILY = "1,2";
			};
			name = Debug;
		};
		830E46322DD3726F00087455 /* Release */ = {
			isa = XCBuildConfiguration;
			baseConfigurationReference = BE60A72C0B29D0063F37617B /* Pods-NearPlaces.release.xcconfig */;
			buildSettings = {
				ASSETCATALOG_COMPILER_APPICON_NAME = AppIcon;
				ASSETCATALOG_COMPILER_GLOBAL_ACCENT_COLOR_NAME = AccentColor;
				CODE_SIGN_STYLE = Automatic;
				CURRENT_PROJECT_VERSION = 1;
				GENERATE_INFOPLIST_FILE = YES;
				INFOPLIST_FILE = NearPlaces/Info.plist;
				INFOPLIST_KEY_UIApplicationSupportsIndirectInputEvents = YES;
				INFOPLIST_KEY_UILaunchStoryboardName = LaunchScreen;
				INFOPLIST_KEY_UIMainStoryboardFile = Main;
				INFOPLIST_KEY_UISupportedInterfaceOrientations_iPad = "UIInterfaceOrientationPortrait UIInterfaceOrientationPortraitUpsideDown UIInterfaceOrientationLandscapeLeft UIInterfaceOrientationLandscapeRight";
				INFOPLIST_KEY_UISupportedInterfaceOrientations_iPhone = "UIInterfaceOrientationPortrait UIInterfaceOrientationLandscapeLeft UIInterfaceOrientationLandscapeRight";
				LD_RUNPATH_SEARCH_PATHS = (
					"$(inherited)",
					"@executable_path/Frameworks",
				);
				MARKETING_VERSION = 1.0;
				PRODUCT_BUNDLE_IDENTIFIER = EdanurBoz.NearPlaces;
				PRODUCT_NAME = "$(TARGET_NAME)";
				SWIFT_EMIT_LOC_STRINGS = YES;
				SWIFT_VERSION = 5.0;
				TARGETED_DEVICE_FAMILY = "1,2";
			};
			name = Release;
		};
/* End XCBuildConfiguration section */

/* Begin XCConfigurationList section */
		830E46172DD3726D00087455 /* Build configuration list for PBXProject "NearPlaces" */ = {
			isa = XCConfigurationList;
			buildConfigurations = (
				830E462E2DD3726F00087455 /* Debug */,
				830E462F2DD3726F00087455 /* Release */,
			);
			defaultConfigurationIsVisible = 0;
			defaultConfigurationName = Release;
		};
		830E46302DD3726F00087455 /* Build configuration list for PBXNativeTarget "NearPlaces" */ = {
			isa = XCConfigurationList;
			buildConfigurations = (
				830E46312DD3726F00087455 /* Debug */,
				830E46322DD3726F00087455 /* Release */,
			);
			defaultConfigurationIsVisible = 0;
			defaultConfigurationName = Release;
		};
/* End XCConfigurationList section */
	};
	rootObject = 830E46142DD3726D00087455 /* Project object */;
}
